
Microsoft Visual Studio Solution File, Format Version 12.00
# Visual Studio Version 17
VisualStudioVersion = 17.2.32505.173
MinimumVisualStudioVersion = 10.0.40219.1
Project("{FAE04EC0-301F-11D3-BF4B-00C04F79EFBC}") = "ManageCategoriesApp", "ManageCategoriesApp\ManageCategoriesApp.csproj", "{B8323A42-F868-4E3A-BB75-2EBE6690DA83}"
EndProject
Global
	GlobalSection(SolutionConfigurationPlatforms) = preSolution
		Debug|Any CPU = Debug|Any CPU
		Release|Any CPU = Release|Any CPU
	EndGlobalSection
	GlobalSection(ProjectConfigurationPlatforms) = postSolution
		{B8323A42-F868-4E3A-BB75-2EBE6690DA83}.Debug|Any CPU.ActiveCfg = Debug|Any CPU
		{B8323A42-F868-4E3A-BB75-2EBE6690DA83}.Debug|Any CPU.Build.0 = Debug|Any CPU
		{B8323A42-F868-4E3A-BB75-2EBE6690DA83}.Release|Any CPU.ActiveCfg = Release|Any CPU
		{B8323A42-F868-4E3A-BB75-2EBE6690DA83}.Release|Any CPU.Build.0 = Release|Any CPU
	EndGlobalSection
	GlobalSection(SolutionProperties) = preSolution
		HideSolutionNode = FALSE
	EndGlobalSection
	GlobalSection(ExtensibilityGlobals) = postSolution
		SolutionGuid = {6705BBD9-FF80-4D8F-ABDE-38D5E7979F41}
	EndGlobalSection
EndGlobal
