
Microsoft Visual Studio Solution File, Format Version 12.00
# Visual Studio Version 17
VisualStudioVersion = 17.2.32505.173
MinimumVisualStudioVersion = 10.0.40219.1
Project("{FAE04EC0-301F-11D3-BF4B-00C04F79EFBC}") = "Boxing and Unboxing", "Boxing and Unboxing\Boxing and Unboxing.csproj", "{B0C419CB-92B4-415E-847E-52EF76AADAA9}"
EndProject
Global
	GlobalSection(SolutionConfigurationPlatforms) = preSolution
		Debug|Any CPU = Debug|Any CPU
		Release|Any CPU = Release|Any CPU
	EndGlobalSection
	GlobalSection(ProjectConfigurationPlatforms) = postSolution
		{B0C419CB-92B4-415E-847E-52EF76AADAA9}.Debug|Any CPU.ActiveCfg = Debug|Any CPU
		{B0C419CB-92B4-415E-847E-52EF76AADAA9}.Debug|Any CPU.Build.0 = Debug|Any CPU
		{B0C419CB-92B4-415E-847E-52EF76AADAA9}.Release|Any CPU.ActiveCfg = Release|Any CPU
		{B0C419CB-92B4-415E-847E-52EF76AADAA9}.Release|Any CPU.Build.0 = Release|Any CPU
	EndGlobalSection
	GlobalSection(SolutionProperties) = preSolution
		HideSolutionNode = FALSE
	EndGlobalSection
	GlobalSection(ExtensibilityGlobals) = postSolution
		SolutionGuid = {490EA288-6C6A-46AA-ACD7-E7723C785485}
	EndGlobalSection
EndGlobal
