
Microsoft Visual Studio Solution File, Format Version 12.00
# Visual Studio Version 17
VisualStudioVersion = 17.2.32505.173
MinimumVisualStudioVersion = 10.0.40219.1
Project("{FAE04EC0-301F-11D3-BF4B-00C04F79EFBC}") = "Passing Parameters with ref, out and params 2", "Passing Parameters with ref, out and params 2\Passing Parameters with ref, out and params 2.csproj", "{BFC7B82B-D365-42A8-A7E6-AB37092523A7}"
EndProject
Global
	GlobalSection(SolutionConfigurationPlatforms) = preSolution
		Debug|Any CPU = Debug|Any CPU
		Release|Any CPU = Release|Any CPU
	EndGlobalSection
	GlobalSection(ProjectConfigurationPlatforms) = postSolution
		{BFC7B82B-D365-42A8-A7E6-AB37092523A7}.Debug|Any CPU.ActiveCfg = Debug|Any CPU
		{BFC7B82B-D365-42A8-A7E6-AB37092523A7}.Debug|Any CPU.Build.0 = Debug|Any CPU
		{BFC7B82B-D365-42A8-A7E6-AB37092523A7}.Release|Any CPU.ActiveCfg = Release|Any CPU
		{BFC7B82B-D365-42A8-A7E6-AB37092523A7}.Release|Any CPU.Build.0 = Release|Any CPU
	EndGlobalSection
	GlobalSection(SolutionProperties) = preSolution
		HideSolutionNode = FALSE
	EndGlobalSection
	GlobalSection(ExtensibilityGlobals) = postSolution
		SolutionGuid = {436AE3C9-9A34-409F-8879-D8E65D5702A6}
	EndGlobalSection
EndGlobal
