
Microsoft Visual Studio Solution File, Format Version 12.00
# Visual Studio Version 17
VisualStudioVersion = 17.2.32505.173
MinimumVisualStudioVersion = 10.0.40219.1
Project("{FAE04EC0-301F-11D3-BF4B-00C04F79EFBC}") = "Generic Interfaces", "Generic Interfaces\Generic Interfaces.csproj", "{7D0DD993-3CDB-4264-B348-B0F7C40B65C3}"
EndProject
Global
	GlobalSection(SolutionConfigurationPlatforms) = preSolution
		Debug|Any CPU = Debug|Any CPU
		Release|Any CPU = Release|Any CPU
	EndGlobalSection
	GlobalSection(ProjectConfigurationPlatforms) = postSolution
		{7D0DD993-3CDB-4264-B348-B0F7C40B65C3}.Debug|Any CPU.ActiveCfg = Debug|Any CPU
		{7D0DD993-3CDB-4264-B348-B0F7C40B65C3}.Debug|Any CPU.Build.0 = Debug|Any CPU
		{7D0DD993-3CDB-4264-B348-B0F7C40B65C3}.Release|Any CPU.ActiveCfg = Release|Any CPU
		{7D0DD993-3CDB-4264-B348-B0F7C40B65C3}.Release|Any CPU.Build.0 = Release|Any CPU
	EndGlobalSection
	GlobalSection(SolutionProperties) = preSolution
		HideSolutionNode = FALSE
	EndGlobalSection
	GlobalSection(ExtensibilityGlobals) = postSolution
		SolutionGuid = {EB3C14EF-0778-453F-A56D-C8E7430D1B4E}
	EndGlobalSection
EndGlobal
