
Microsoft Visual Studio Solution File, Format Version 12.00
# Visual Studio Version 17
VisualStudioVersion = 17.2.32505.173
MinimumVisualStudioVersion = 10.0.40219.1
Project("{FAE04EC0-301F-11D3-BF4B-00C04F79EFBC}") = "WinformDemo", "WinformDemo\WinformDemo.csproj", "{366D0B49-E676-4E37-AC37-0B8AEDFBD8B2}"
EndProject
Global
	GlobalSection(SolutionConfigurationPlatforms) = preSolution
		Debug|Any CPU = Debug|Any CPU
		Release|Any CPU = Release|Any CPU
	EndGlobalSection
	GlobalSection(ProjectConfigurationPlatforms) = postSolution
		{366D0B49-E676-4E37-AC37-0B8AEDFBD8B2}.Debug|Any CPU.ActiveCfg = Debug|Any CPU
		{366D0B49-E676-4E37-AC37-0B8AEDFBD8B2}.Debug|Any CPU.Build.0 = Debug|Any CPU
		{366D0B49-E676-4E37-AC37-0B8AEDFBD8B2}.Release|Any CPU.ActiveCfg = Release|Any CPU
		{366D0B49-E676-4E37-AC37-0B8AEDFBD8B2}.Release|Any CPU.Build.0 = Release|Any CPU
	EndGlobalSection
	GlobalSection(SolutionProperties) = preSolution
		HideSolutionNode = FALSE
	EndGlobalSection
	GlobalSection(ExtensibilityGlobals) = postSolution
		SolutionGuid = {3F71E478-D570-48C8-8FA7-04386CC822AD}
	EndGlobalSection
EndGlobal
