
Microsoft Visual Studio Solution File, Format Version 12.00
# Visual Studio Version 17
VisualStudioVersion = 17.2.32505.173
MinimumVisualStudioVersion = 10.0.40219.1
Project("{FAE04EC0-301F-11D3-BF4B-00C04F79EFBC}") = "Generic Classes", "Generic Classes\Generic Classes.csproj", "{DE384F47-65C5-4325-A856-15D629D4DB6A}"
EndProject
Global
	GlobalSection(SolutionConfigurationPlatforms) = preSolution
		Debug|Any CPU = Debug|Any CPU
		Release|Any CPU = Release|Any CPU
	EndGlobalSection
	GlobalSection(ProjectConfigurationPlatforms) = postSolution
		{DE384F47-65C5-4325-A856-15D629D4DB6A}.Debug|Any CPU.ActiveCfg = Debug|Any CPU
		{DE384F47-65C5-4325-A856-15D629D4DB6A}.Debug|Any CPU.Build.0 = Debug|Any CPU
		{DE384F47-65C5-4325-A856-15D629D4DB6A}.Release|Any CPU.ActiveCfg = Release|Any CPU
		{DE384F47-65C5-4325-A856-15D629D4DB6A}.Release|Any CPU.Build.0 = Release|Any CPU
	EndGlobalSection
	GlobalSection(SolutionProperties) = preSolution
		HideSolutionNode = FALSE
	EndGlobalSection
	GlobalSection(ExtensibilityGlobals) = postSolution
		SolutionGuid = {008E1024-0903-4A3D-9578-3457E8C1329C}
	EndGlobalSection
EndGlobal
