
Microsoft Visual Studio Solution File, Format Version 12.00
# Visual Studio Version 17
VisualStudioVersion = 17.2.32505.173
MinimumVisualStudioVersion = 10.0.40219.1
Project("{9A19103F-16F7-4668-BE54-9A1E7A4F7556}") = "DemoDataProviderFactory", "DemoDataProviderFactory\DemoDataProviderFactory.csproj", "{5D1F6971-849D-4CA7-9289-6CAB02FC395A}"
EndProject
Global
	GlobalSection(SolutionConfigurationPlatforms) = preSolution
		Debug|Any CPU = Debug|Any CPU
		Release|Any CPU = Release|Any CPU
	EndGlobalSection
	GlobalSection(ProjectConfigurationPlatforms) = postSolution
		{5D1F6971-849D-4CA7-9289-6CAB02FC395A}.Debug|Any CPU.ActiveCfg = Debug|Any CPU
		{5D1F6971-849D-4CA7-9289-6CAB02FC395A}.Debug|Any CPU.Build.0 = Debug|Any CPU
		{5D1F6971-849D-4CA7-9289-6CAB02FC395A}.Release|Any CPU.ActiveCfg = Release|Any CPU
		{5D1F6971-849D-4CA7-9289-6CAB02FC395A}.Release|Any CPU.Build.0 = Release|Any CPU
	EndGlobalSection
	GlobalSection(SolutionProperties) = preSolution
		HideSolutionNode = FALSE
	EndGlobalSection
	GlobalSection(ExtensibilityGlobals) = postSolution
		SolutionGuid = {14EE205A-1B4E-40EC-846C-51C6A9BA4768}
	EndGlobalSection
EndGlobal
