
Microsoft Visual Studio Solution File, Format Version 12.00
# Visual Studio Version 17
VisualStudioVersion = 17.2.32505.173
MinimumVisualStudioVersion = 10.0.40219.1
Project("{FAE04EC0-301F-11D3-BF4B-00C04F79EFBC}") = "WinfromDemo1", "WinfromDemo1\WinfromDemo1.csproj", "{4FEA9EF5-A08A-4DB3-BCC1-8FB58467D663}"
EndProject
Global
	GlobalSection(SolutionConfigurationPlatforms) = preSolution
		Debug|Any CPU = Debug|Any CPU
		Release|Any CPU = Release|Any CPU
	EndGlobalSection
	GlobalSection(ProjectConfigurationPlatforms) = postSolution
		{4FEA9EF5-A08A-4DB3-BCC1-8FB58467D663}.Debug|Any CPU.ActiveCfg = Debug|Any CPU
		{4FEA9EF5-A08A-4DB3-BCC1-8FB58467D663}.Debug|Any CPU.Build.0 = Debug|Any CPU
		{4FEA9EF5-A08A-4DB3-BCC1-8FB58467D663}.Release|Any CPU.ActiveCfg = Release|Any CPU
		{4FEA9EF5-A08A-4DB3-BCC1-8FB58467D663}.Release|Any CPU.Build.0 = Release|Any CPU
	EndGlobalSection
	GlobalSection(SolutionProperties) = preSolution
		HideSolutionNode = FALSE
	EndGlobalSection
	GlobalSection(ExtensibilityGlobals) = postSolution
		SolutionGuid = {1F271621-F63A-4324-AA3D-AE93FA6610EA}
	EndGlobalSection
EndGlobal
