
Microsoft Visual Studio Solution File, Format Version 12.00
# Visual Studio Version 17
VisualStudioVersion = 17.2.32505.173
MinimumVisualStudioVersion = 10.0.40219.1
Project("{9A19103F-16F7-4668-BE54-9A1E7A4F7556}") = "AutomobileLibrary", "AutomobileLibrary\AutomobileLibrary.csproj", "{9E813B0C-AB8F-4D81-A1AE-3071CA9B938B}"
EndProject
Project("{FAE04EC0-301F-11D3-BF4B-00C04F79EFBC}") = "AutomobileWinApp", "AutomobileWinApp\AutomobileWinApp.csproj", "{384A7CF6-3624-4F35-BCCB-3303A1497647}"
EndProject
Global
	GlobalSection(SolutionConfigurationPlatforms) = preSolution
		Debug|Any CPU = Debug|Any CPU
		Release|Any CPU = Release|Any CPU
	EndGlobalSection
	GlobalSection(ProjectConfigurationPlatforms) = postSolution
		{9E813B0C-AB8F-4D81-A1AE-3071CA9B938B}.Debug|Any CPU.ActiveCfg = Debug|Any CPU
		{9E813B0C-AB8F-4D81-A1AE-3071CA9B938B}.Debug|Any CPU.Build.0 = Debug|Any CPU
		{9E813B0C-AB8F-4D81-A1AE-3071CA9B938B}.Release|Any CPU.ActiveCfg = Release|Any CPU
		{9E813B0C-AB8F-4D81-A1AE-3071CA9B938B}.Release|Any CPU.Build.0 = Release|Any CPU
		{384A7CF6-3624-4F35-BCCB-3303A1497647}.Debug|Any CPU.ActiveCfg = Debug|Any CPU
		{384A7CF6-3624-4F35-BCCB-3303A1497647}.Debug|Any CPU.Build.0 = Debug|Any CPU
		{384A7CF6-3624-4F35-BCCB-3303A1497647}.Release|Any CPU.ActiveCfg = Release|Any CPU
		{384A7CF6-3624-4F35-BCCB-3303A1497647}.Release|Any CPU.Build.0 = Release|Any CPU
	EndGlobalSection
	GlobalSection(SolutionProperties) = preSolution
		HideSolutionNode = FALSE
	EndGlobalSection
	GlobalSection(ExtensibilityGlobals) = postSolution
		SolutionGuid = {5B80F1BB-73EA-4A36-88A2-980652DD184D}
	EndGlobalSection
EndGlobal
