
Microsoft Visual Studio Solution File, Format Version 12.00
# Visual Studio Version 17
VisualStudioVersion = 17.2.32505.173
MinimumVisualStudioVersion = 10.0.40219.1
Project("{2150E333-8FDC-42A3-9474-1A3956D46DE8}") = "3.Data Layer", "3.Data Layer", "{C44BA4B3-534A-428F-A8C8-C4193E93E539}"
EndProject
Project("{2150E333-8FDC-42A3-9474-1A3956D46DE8}") = "2.Business Layer", "2.Business Layer", "{6DF95CFE-AD94-43C4-8DB5-2A04EDE96AAB}"
EndProject
Project("{2150E333-8FDC-42A3-9474-1A3956D46DE8}") = "1.Presentation Layer", "1.Presentation Layer", "{5921A5FF-EF14-4A01-8561-867E65FDB28B}"
EndProject
Project("{FAE04EC0-301F-11D3-BF4B-00C04F79EFBC}") = "eStore", "eStore\eStore.csproj", "{8D8E433A-30A8-4224-9951-0D01E635E13D}"
EndProject
Project("{FAE04EC0-301F-11D3-BF4B-00C04F79EFBC}") = "BusinessObject", "BusinessObject\BusinessObject.csproj", "{4FC034B1-94F3-473B-94D9-ED52A9FDF7B0}"
EndProject
Project("{FAE04EC0-301F-11D3-BF4B-00C04F79EFBC}") = "DataAccess", "DataAccess\DataAccess.csproj", "{32A6FC66-A00C-4F83-9A59-3462387B5FA5}"
EndProject
Global
	GlobalSection(SolutionConfigurationPlatforms) = preSolution
		Debug|Any CPU = Debug|Any CPU
		Release|Any CPU = Release|Any CPU
	EndGlobalSection
	GlobalSection(ProjectConfigurationPlatforms) = postSolution
		{8D8E433A-30A8-4224-9951-0D01E635E13D}.Debug|Any CPU.ActiveCfg = Debug|Any CPU
		{8D8E433A-30A8-4224-9951-0D01E635E13D}.Debug|Any CPU.Build.0 = Debug|Any CPU
		{8D8E433A-30A8-4224-9951-0D01E635E13D}.Release|Any CPU.ActiveCfg = Release|Any CPU
		{8D8E433A-30A8-4224-9951-0D01E635E13D}.Release|Any CPU.Build.0 = Release|Any CPU
		{4FC034B1-94F3-473B-94D9-ED52A9FDF7B0}.Debug|Any CPU.ActiveCfg = Debug|Any CPU
		{4FC034B1-94F3-473B-94D9-ED52A9FDF7B0}.Debug|Any CPU.Build.0 = Debug|Any CPU
		{4FC034B1-94F3-473B-94D9-ED52A9FDF7B0}.Release|Any CPU.ActiveCfg = Release|Any CPU
		{4FC034B1-94F3-473B-94D9-ED52A9FDF7B0}.Release|Any CPU.Build.0 = Release|Any CPU
		{32A6FC66-A00C-4F83-9A59-3462387B5FA5}.Debug|Any CPU.ActiveCfg = Debug|Any CPU
		{32A6FC66-A00C-4F83-9A59-3462387B5FA5}.Debug|Any CPU.Build.0 = Debug|Any CPU
		{32A6FC66-A00C-4F83-9A59-3462387B5FA5}.Release|Any CPU.ActiveCfg = Release|Any CPU
		{32A6FC66-A00C-4F83-9A59-3462387B5FA5}.Release|Any CPU.Build.0 = Release|Any CPU
	EndGlobalSection
	GlobalSection(SolutionProperties) = preSolution
		HideSolutionNode = FALSE
	EndGlobalSection
	GlobalSection(NestedProjects) = preSolution
		{8D8E433A-30A8-4224-9951-0D01E635E13D} = {5921A5FF-EF14-4A01-8561-867E65FDB28B}
		{4FC034B1-94F3-473B-94D9-ED52A9FDF7B0} = {6DF95CFE-AD94-43C4-8DB5-2A04EDE96AAB}
		{32A6FC66-A00C-4F83-9A59-3462387B5FA5} = {C44BA4B3-534A-428F-A8C8-C4193E93E539}
	EndGlobalSection
	GlobalSection(ExtensibilityGlobals) = postSolution
		SolutionGuid = {70BD2F94-E3A0-4315-881C-58CB5F4C621D}
	EndGlobalSection
EndGlobal
