
Microsoft Visual Studio Solution File, Format Version 12.00
# Visual Studio Version 17
VisualStudioVersion = 17.2.32505.173
MinimumVisualStudioVersion = 10.0.40219.1
Project("{FAE04EC0-301F-11D3-BF4B-00C04F79EFBC}") = "OOP_Interface", "OOP_Interface\OOP_Interface.csproj", "{5545C7CF-323E-47CD-9322-7FC4E86B5F9C}"
EndProject
Global
	GlobalSection(SolutionConfigurationPlatforms) = preSolution
		Debug|Any CPU = Debug|Any CPU
		Release|Any CPU = Release|Any CPU
	EndGlobalSection
	GlobalSection(ProjectConfigurationPlatforms) = postSolution
		{5545C7CF-323E-47CD-9322-7FC4E86B5F9C}.Debug|Any CPU.ActiveCfg = Debug|Any CPU
		{5545C7CF-323E-47CD-9322-7FC4E86B5F9C}.Debug|Any CPU.Build.0 = Debug|Any CPU
		{5545C7CF-323E-47CD-9322-7FC4E86B5F9C}.Release|Any CPU.ActiveCfg = Release|Any CPU
		{5545C7CF-323E-47CD-9322-7FC4E86B5F9C}.Release|Any CPU.Build.0 = Release|Any CPU
	EndGlobalSection
	GlobalSection(SolutionProperties) = preSolution
		HideSolutionNode = FALSE
	EndGlobalSection
	GlobalSection(ExtensibilityGlobals) = postSolution
		SolutionGuid = {8A1362AD-3B1E-4918-BC9E-5D6213D997B9}
	EndGlobalSection
EndGlobal
